
Microsoft Visual Studio Solution File, Format Version 12.00
# Visual Studio 2013
VisualStudioVersion = 12.0.31101.0
MinimumVisualStudioVersion = 10.0.40219.1
Project("{FAE04EC0-301F-11D3-BF4B-00C04F79EFBC}") = "XY.OAuth", "XY.OAuth\XY.OAuth.NET3.5.csproj", "{10CB96CB-5ADB-419B-B95D-7BFA7DD042B2}"
EndProject
Project("{FAE04EC0-301F-11D3-BF4B-00C04F79EFBC}") = "XY.OAuth.Web", "XY.OAuth.Web\XY.OAuth.Web.csproj", "{7345ECCD-8F7B-4D68-ADC9-5E452E54D865}"
EndProject
Global
	GlobalSection(SolutionConfigurationPlatforms) = preSolution
		Debug|Any CPU = Debug|Any CPU
		Release|Any CPU = Release|Any CPU
	EndGlobalSection
	GlobalSection(ProjectConfigurationPlatforms) = postSolution
		{10CB96CB-5ADB-419B-B95D-7BFA7DD042B2}.Debug|Any CPU.ActiveCfg = Debug|Any CPU
		{10CB96CB-5ADB-419B-B95D-7BFA7DD042B2}.Debug|Any CPU.Build.0 = Debug|Any CPU
		{10CB96CB-5ADB-419B-B95D-7BFA7DD042B2}.Release|Any CPU.ActiveCfg = Release|Any CPU
		{10CB96CB-5ADB-419B-B95D-7BFA7DD042B2}.Release|Any CPU.Build.0 = Release|Any CPU
		{7345ECCD-8F7B-4D68-ADC9-5E452E54D865}.Debug|Any CPU.ActiveCfg = Debug|Any CPU
		{7345ECCD-8F7B-4D68-ADC9-5E452E54D865}.Debug|Any CPU.Build.0 = Debug|Any CPU
		{7345ECCD-8F7B-4D68-ADC9-5E452E54D865}.Release|Any CPU.ActiveCfg = Release|Any CPU
		{7345ECCD-8F7B-4D68-ADC9-5E452E54D865}.Release|Any CPU.Build.0 = Release|Any CPU
	EndGlobalSection
	GlobalSection(SolutionProperties) = preSolution
		HideSolutionNode = FALSE
	EndGlobalSection
EndGlobal
